
Microsoft Visual Studio Solution File, Format Version 12.00
# Visual Studio Version 16
VisualStudioVersion = 16.0.30002.166
MinimumVisualStudioVersion = 10.0.40219.1
Project("{9A19103F-16F7-4668-BE54-9A1E7A4F7556}") = "sandysukma_fdtest", "sandysukma_fdtest.csproj", "{A6E28E5A-7C2C-4027-8B80-6A3FE34D385B}"
EndProject
Project("{FAE04EC0-301F-11D3-BF4B-00C04F79EFBC}") = "sandysukma_fdtest.Tests", "..\sandysukma_fdtest.Tests\sandysukma_fdtest.Tests.csproj", "{EED8A572-BD42-47A8-967B-FBEBC8A138DC}"
EndProject
Global
	GlobalSection(SolutionConfigurationPlatforms) = preSolution
		Debug|Any CPU = Debug|Any CPU
		Release|Any CPU = Release|Any CPU
	EndGlobalSection
	GlobalSection(ProjectConfigurationPlatforms) = postSolution
		{A6E28E5A-7C2C-4027-8B80-6A3FE34D385B}.Debug|Any CPU.ActiveCfg = Debug|Any CPU
		{A6E28E5A-7C2C-4027-8B80-6A3FE34D385B}.Debug|Any CPU.Build.0 = Debug|Any CPU
		{A6E28E5A-7C2C-4027-8B80-6A3FE34D385B}.Release|Any CPU.ActiveCfg = Release|Any CPU
		{A6E28E5A-7C2C-4027-8B80-6A3FE34D385B}.Release|Any CPU.Build.0 = Release|Any CPU
		{EED8A572-BD42-47A8-967B-FBEBC8A138DC}.Debug|Any CPU.ActiveCfg = Debug|Any CPU
		{EED8A572-BD42-47A8-967B-FBEBC8A138DC}.Debug|Any CPU.Build.0 = Debug|Any CPU
		{EED8A572-BD42-47A8-967B-FBEBC8A138DC}.Release|Any CPU.ActiveCfg = Release|Any CPU
		{EED8A572-BD42-47A8-967B-FBEBC8A138DC}.Release|Any CPU.Build.0 = Release|Any CPU
	EndGlobalSection
	GlobalSection(SolutionProperties) = preSolution
		HideSolutionNode = FALSE
	EndGlobalSection
	GlobalSection(ExtensibilityGlobals) = postSolution
		SolutionGuid = {8151FD2D-7FCA-4B9F-9627-F068E37D4E71}
	EndGlobalSection
EndGlobal
